{
  "name": "codekit-project",
  "version": "1.0.0",
  "lockfileVersion": 3,
  "requires": true,
  "packages": {
    "": {
      "name": "codekit-project",
      "version": "1.0.0",
      "license": "UNLICENSED",
      "dependencies": {
        "next.js": "^1.0.3",
        "papaparse": "^5.4.1"
      }
    },
    "node_modules/next.js": {
      "version": "1.0.3",
      "resolved": "https://registry.npmjs.org/next.js/-/next.js-1.0.3.tgz",
      "integrity": "sha512-nosnT7Jh4ML3kzwG9MPW+SfBKuHoZEMcCWw5kxwMYXoxnADGzIxWl+TdDMcEZP6Xl/t8m/5uyVlA9SBkH2oh/w=="
    },
    "node_modules/papaparse": {
      "version": "5.4.1",
      "resolved": "https://registry.npmjs.org/papaparse/-/papaparse-5.4.1.tgz",
      "integrity": "sha512-HipMsgJkZu8br23pW15uvo6sib6wne/4woLZPlFf3rpDyMe9ywEXUsuD7+6K9PRkJlVT51j/sCOYDKGGS3ZJrw=="
    }
  }
}
